{
    "_readme": [
        "This file locks the dependencies of your project to a known state",
        "Read more about it at https://getcomposer.org/doc/01-basic-usage.md#composer-lock-the-lock-file",
        "This file is @generated automatically"
    ],
    "hash": "cd31400def5262b799c373cf8205c571",
    "content-hash": "f13b737f0e84c912de74817ce064ad05",
    "packages": [
        {
            "name": "iron-io/iron_core",
            "version": "1.0.0",
            "source": {
                "type": "git",
                "url": "https://github.com/iron-io/iron_core_php.git",
                "reference": "650565e8ef855c53e6a9a3099fb22b76778a81a8"
            },
            "dist": {
                "type": "zip",
                "url": "https://api.github.com/repos/iron-io/iron_core_php/zipball/650565e8ef855c53e6a9a3099fb22b76778a81a8",
                "reference": "650565e8ef855c53e6a9a3099fb22b76778a81a8",
                "shasum": ""
            },
            "require": {
                "php": ">=5.2.0"
            },
            "type": "library",
            "autoload": {
                "psr-4": {
                    "IronCore\\": "src/"
                }
            },
            "notification-url": "https://packagist.org/downloads/",
            "license": [
                "MIT"
            ],
            "authors": [
                {
                    "name": "Alexander S",
                    "email": "alexander@iron.io",
                    "homepage": "http://iron.io",
                    "role": "Developer"
                },
                {
                    "name": "Iron.io",
                    "email": "support@iron.io",
                    "homepage": "http://iron.io",
                    "role": "Developer"
                },
                {
                    "name": "Tino Ehrich",
                    "email": "tino@bigpun.me"
                }
            ],
            "description": "Collection of common functions for all iron.io client libraries",
            "homepage": "http://github.com/iron-io/iron_core_php",
            "keywords": [
                "iron",
                "iron_core"
            ],
            "time": "2015-02-12 19:54:09"
        },
        {
            "name": "iron-io/iron_mq",
            "version": "2.0.0",
            "source": {
                "type": "git",
                "url": "https://github.com/iron-io/iron_mq_php.git",
                "reference": "9906a59885c8b715ac77346b1538a8a1c60300e1"
            },
            "dist": {
                "type": "zip",
                "url": "https://api.github.com/repos/iron-io/iron_mq_php/zipball/9906a59885c8b715ac77346b1538a8a1c60300e1",
                "reference": "9906a59885c8b715ac77346b1538a8a1c60300e1",
                "shasum": ""
            },
            "require": {
                "iron-io/iron_core": "1.*",
                "php": ">=5.2.0"
            },
            "type": "library",
            "autoload": {
                "psr-4": {
                    "IronMQ\\": "src/"
                }
            },
            "notification-url": "https://packagist.org/downloads/",
            "license": [
                "MIT"
            ],
            "authors": [
                {
                    "name": "Alexander S",
                    "email": "alexander@iron.io",
                    "homepage": "http://iron.io",
                    "role": "Developer"
                },
                {
                    "name": "Tino Ehrich",
                    "email": "tino@bigpun.me"
                }
            ],
            "description": "Client binding for IronMQ (hosted message queue)",
            "homepage": "http://github.com/iron-io/iron_mq_php",
            "keywords": [
                "MQ",
                "iron",
                "iron_mq"
            ],
            "time": "2015-02-12 20:05:42"
        },
        {
            "name": "iron-io/iron_worker",
            "version": "2.0.4",
            "source": {
                "type": "git",
                "url": "https://github.com/iron-io/iron_worker_php.git",
                "reference": "87ce7761ed2a91cd84a8f47c0c5d225572ce7624"
            },
            "dist": {
                "type": "zip",
                "url": "https://api.github.com/repos/iron-io/iron_worker_php/zipball/87ce7761ed2a91cd84a8f47c0c5d225572ce7624",
                "reference": "87ce7761ed2a91cd84a8f47c0c5d225572ce7624",
                "shasum": ""
            },
            "require": {
                "iron-io/iron_core": "1.*",
                "php": ">=5.2.0"
            },
            "type": "library",
            "autoload": {
                "psr-4": {
                    "IronWorker\\": "src/"
                }
            },
            "notification-url": "https://packagist.org/downloads/",
            "license": [
                "MIT"
            ],
            "authors": [
                {
                    "name": "Alexander S",
                    "email": "alexander@iron.io",
                    "homepage": "http://iron.io",
                    "role": "Developer"
                }
            ],
            "description": "Client library for IronWorker (multi-language worker platform that runs tasks in the background, in parallel, and at scale.)",
            "homepage": "http://github.com/iron-io/iron_worker_php",
            "keywords": [
                "background",
                "delayed_job",
                "iron",
                "iron_worker",
                "job",
                "task",
                "worker"
            ],
            "time": "2015-09-25 18:04:52"
        },
        {
            "name": "wp-cli/php-cli-tools",
            "version": "v0.10.5",
            "source": {
                "type": "git",
                "url": "https://github.com/wp-cli/php-cli-tools.git",
                "reference": "037a010441a5c220cd1df26cdc9b20ad73408356"
            },
            "dist": {
                "type": "zip",
                "url": "https://api.github.com/repos/wp-cli/php-cli-tools/zipball/037a010441a5c220cd1df26cdc9b20ad73408356",
                "reference": "037a010441a5c220cd1df26cdc9b20ad73408356",
                "shasum": ""
            },
            "require": {
                "php": ">= 5.3.0"
            },
            "type": "library",
            "autoload": {
                "psr-0": {
                    "cli": "lib/"
                },
                "files": [
                    "lib/cli/cli.php"
                ]
            },
            "notification-url": "https://packagist.org/downloads/",
            "license": [
                "MIT"
            ],
            "authors": [
                {
                    "name": "James Logsdon",
                    "email": "jlogsdon@php.net",
                    "role": "Developer"
                },
                {
                    "name": "Daniel Bachhuber",
                    "email": "daniel@handbuilt.co",
                    "role": "Maintainer"
                }
            ],
            "description": "Console utilities for PHP",
            "homepage": "http://github.com/wp-cli/php-cli-tools",
            "keywords": [
                "cli",
                "console"
            ],
            "time": "2015-08-10 12:46:19"
        }
    ],
    "packages-dev": [],
    "aliases": [],
    "minimum-stability": "stable",
    "stability-flags": [],
    "prefer-stable": false,
    "prefer-lowest": false,
    "platform": [],
    "platform-dev": []
}
